
Microsoft Visual Studio Solution File, Format Version 12.00
# Visual Studio Version 17
VisualStudioVersion = 17.5.002.0
MinimumVisualStudioVersion = 10.0.40219.1
Project("{9A19103F-16F7-4668-BE54-9A1E7A4F7556}") = "PetsData", "PetsData.csproj", "{759B0B94-BFA6-4C55-B940-64F5139E3E34}"
EndProject
Global
	GlobalSection(SolutionConfigurationPlatforms) = preSolution
		Debug|Any CPU = Debug|Any CPU
		Release|Any CPU = Release|Any CPU
	EndGlobalSection
	GlobalSection(ProjectConfigurationPlatforms) = postSolution
		{759B0B94-BFA6-4C55-B940-64F5139E3E34}.Debug|Any CPU.ActiveCfg = Debug|Any CPU
		{759B0B94-BFA6-4C55-B940-64F5139E3E34}.Debug|Any CPU.Build.0 = Debug|Any CPU
		{759B0B94-BFA6-4C55-B940-64F5139E3E34}.Release|Any CPU.ActiveCfg = Release|Any CPU
		{759B0B94-BFA6-4C55-B940-64F5139E3E34}.Release|Any CPU.Build.0 = Release|Any CPU
	EndGlobalSection
	GlobalSection(SolutionProperties) = preSolution
		HideSolutionNode = FALSE
	EndGlobalSection
	GlobalSection(ExtensibilityGlobals) = postSolution
		SolutionGuid = {90A9C1BC-E7B0-4882-8569-86A403337365}
	EndGlobalSection
EndGlobal
